
Microsoft Visual Studio Solution File, Format Version 12.00
# Visual Studio Version 17
VisualStudioVersion = 17.5.002.0
MinimumVisualStudioVersion = 10.0.40219.1
Project("{9A19103F-16F7-4668-BE54-9A1E7A4F7556}") = "Ccount", "Ccount\Ccount.csproj", "{F168CA3E-6C7D-4401-A209-6E978D7ECE8A}"
EndProject
Global
	GlobalSection(SolutionConfigurationPlatforms) = preSolution
		Debug|Any CPU = Debug|Any CPU
		Release|Any CPU = Release|Any CPU
	EndGlobalSection
	GlobalSection(ProjectConfigurationPlatforms) = postSolution
		{F168CA3E-6C7D-4401-A209-6E978D7ECE8A}.Debug|Any CPU.ActiveCfg = Debug|Any CPU
		{F168CA3E-6C7D-4401-A209-6E978D7ECE8A}.Debug|Any CPU.Build.0 = Debug|Any CPU
		{F168CA3E-6C7D-4401-A209-6E978D7ECE8A}.Release|Any CPU.ActiveCfg = Release|Any CPU
		{F168CA3E-6C7D-4401-A209-6E978D7ECE8A}.Release|Any CPU.Build.0 = Release|Any CPU
	EndGlobalSection
	GlobalSection(SolutionProperties) = preSolution
		HideSolutionNode = FALSE
	EndGlobalSection
	GlobalSection(ExtensibilityGlobals) = postSolution
		SolutionGuid = {29962846-753C-48A2-A924-0BEC4794E015}
	EndGlobalSection
EndGlobal
